
Microsoft Visual Studio Solution File, Format Version 12.00
# Visual Studio Version 16
VisualStudioVersion = 16.0.30320.27
MinimumVisualStudioVersion = 10.0.40219.1
Project("{FAE04EC0-301F-11D3-BF4B-00C04F79EFBC}") = "Task01", "Task01\Task01.csproj", "{95945B0D-59B0-4117-A327-E0570DC88399}"
EndProject
Project("{FAE04EC0-301F-11D3-BF4B-00C04F79EFBC}") = "Task02", "Task02\Task02.csproj", "{F261D45E-721B-49B1-860D-3A096BA4887F}"
EndProject
Project("{FAE04EC0-301F-11D3-BF4B-00C04F79EFBC}") = "Task03", "Task03\Task03.csproj", "{94B04EBC-1717-4F52-A5B5-5BC836E77794}"
EndProject
Project("{FAE04EC0-301F-11D3-BF4B-00C04F79EFBC}") = "Task04", "Task04\Task04.csproj", "{44502F1E-3B08-49D5-BBC0-119273922B35}"
EndProject
Project("{FAE04EC0-301F-11D3-BF4B-00C04F79EFBC}") = "Task05", "Task05\Task05.csproj", "{40F92022-5021-45F4-AEF2-B8C424E78B64}"
EndProject
Global
	GlobalSection(SolutionConfigurationPlatforms) = preSolution
		Debug|Any CPU = Debug|Any CPU
		Release|Any CPU = Release|Any CPU
	EndGlobalSection
	GlobalSection(ProjectConfigurationPlatforms) = postSolution
		{95945B0D-59B0-4117-A327-E0570DC88399}.Debug|Any CPU.ActiveCfg = Debug|Any CPU
		{95945B0D-59B0-4117-A327-E0570DC88399}.Debug|Any CPU.Build.0 = Debug|Any CPU
		{95945B0D-59B0-4117-A327-E0570DC88399}.Release|Any CPU.ActiveCfg = Release|Any CPU
		{95945B0D-59B0-4117-A327-E0570DC88399}.Release|Any CPU.Build.0 = Release|Any CPU
		{F261D45E-721B-49B1-860D-3A096BA4887F}.Debug|Any CPU.ActiveCfg = Debug|Any CPU
		{F261D45E-721B-49B1-860D-3A096BA4887F}.Debug|Any CPU.Build.0 = Debug|Any CPU
		{F261D45E-721B-49B1-860D-3A096BA4887F}.Release|Any CPU.ActiveCfg = Release|Any CPU
		{F261D45E-721B-49B1-860D-3A096BA4887F}.Release|Any CPU.Build.0 = Release|Any CPU
		{94B04EBC-1717-4F52-A5B5-5BC836E77794}.Debug|Any CPU.ActiveCfg = Debug|Any CPU
		{94B04EBC-1717-4F52-A5B5-5BC836E77794}.Debug|Any CPU.Build.0 = Debug|Any CPU
		{94B04EBC-1717-4F52-A5B5-5BC836E77794}.Release|Any CPU.ActiveCfg = Release|Any CPU
		{94B04EBC-1717-4F52-A5B5-5BC836E77794}.Release|Any CPU.Build.0 = Release|Any CPU
		{44502F1E-3B08-49D5-BBC0-119273922B35}.Debug|Any CPU.ActiveCfg = Debug|Any CPU
		{44502F1E-3B08-49D5-BBC0-119273922B35}.Debug|Any CPU.Build.0 = Debug|Any CPU
		{44502F1E-3B08-49D5-BBC0-119273922B35}.Release|Any CPU.ActiveCfg = Release|Any CPU
		{44502F1E-3B08-49D5-BBC0-119273922B35}.Release|Any CPU.Build.0 = Release|Any CPU
		{40F92022-5021-45F4-AEF2-B8C424E78B64}.Debug|Any CPU.ActiveCfg = Debug|Any CPU
		{40F92022-5021-45F4-AEF2-B8C424E78B64}.Debug|Any CPU.Build.0 = Debug|Any CPU
		{40F92022-5021-45F4-AEF2-B8C424E78B64}.Release|Any CPU.ActiveCfg = Release|Any CPU
		{40F92022-5021-45F4-AEF2-B8C424E78B64}.Release|Any CPU.Build.0 = Release|Any CPU
	EndGlobalSection
	GlobalSection(SolutionProperties) = preSolution
		HideSolutionNode = FALSE
	EndGlobalSection
	GlobalSection(ExtensibilityGlobals) = postSolution
		SolutionGuid = {6D18202E-61DA-4C99-8D04-24032D804E0D}
	EndGlobalSection
EndGlobal
