
Microsoft Visual Studio Solution File, Format Version 12.00
# Visual Studio Version 16
VisualStudioVersion = 16.0.30320.27
MinimumVisualStudioVersion = 10.0.40219.1
Project("{FAE04EC0-301F-11D3-BF4B-00C04F79EFBC}") = "Task03", "Task03\Task03.csproj", "{B2F47E46-6291-4A8F-9282-28D792BFF445}"
EndProject
Project("{FAE04EC0-301F-11D3-BF4B-00C04F79EFBC}") = "Task04", "Task04\Task04.csproj", "{3A6CA136-19B0-4FF0-9F96-B3C2A7965580}"
EndProject
Project("{FAE04EC0-301F-11D3-BF4B-00C04F79EFBC}") = "Task05", "Task05\Task05.csproj", "{37F88677-60B8-4427-9E9D-9E200302611F}"
EndProject
Project("{FAE04EC0-301F-11D3-BF4B-00C04F79EFBC}") = "Task06", "Task06\Task06.csproj", "{197FB746-4064-4B8D-B7B3-60A2F8ABEBA1}"
EndProject
Global
	GlobalSection(SolutionConfigurationPlatforms) = preSolution
		Debug|Any CPU = Debug|Any CPU
		Release|Any CPU = Release|Any CPU
	EndGlobalSection
	GlobalSection(ProjectConfigurationPlatforms) = postSolution
		{B2F47E46-6291-4A8F-9282-28D792BFF445}.Debug|Any CPU.ActiveCfg = Debug|Any CPU
		{B2F47E46-6291-4A8F-9282-28D792BFF445}.Debug|Any CPU.Build.0 = Debug|Any CPU
		{B2F47E46-6291-4A8F-9282-28D792BFF445}.Release|Any CPU.ActiveCfg = Release|Any CPU
		{B2F47E46-6291-4A8F-9282-28D792BFF445}.Release|Any CPU.Build.0 = Release|Any CPU
		{3A6CA136-19B0-4FF0-9F96-B3C2A7965580}.Debug|Any CPU.ActiveCfg = Debug|Any CPU
		{3A6CA136-19B0-4FF0-9F96-B3C2A7965580}.Debug|Any CPU.Build.0 = Debug|Any CPU
		{3A6CA136-19B0-4FF0-9F96-B3C2A7965580}.Release|Any CPU.ActiveCfg = Release|Any CPU
		{3A6CA136-19B0-4FF0-9F96-B3C2A7965580}.Release|Any CPU.Build.0 = Release|Any CPU
		{37F88677-60B8-4427-9E9D-9E200302611F}.Debug|Any CPU.ActiveCfg = Debug|Any CPU
		{37F88677-60B8-4427-9E9D-9E200302611F}.Debug|Any CPU.Build.0 = Debug|Any CPU
		{37F88677-60B8-4427-9E9D-9E200302611F}.Release|Any CPU.ActiveCfg = Release|Any CPU
		{37F88677-60B8-4427-9E9D-9E200302611F}.Release|Any CPU.Build.0 = Release|Any CPU
		{197FB746-4064-4B8D-B7B3-60A2F8ABEBA1}.Debug|Any CPU.ActiveCfg = Debug|Any CPU
		{197FB746-4064-4B8D-B7B3-60A2F8ABEBA1}.Debug|Any CPU.Build.0 = Debug|Any CPU
		{197FB746-4064-4B8D-B7B3-60A2F8ABEBA1}.Release|Any CPU.ActiveCfg = Release|Any CPU
		{197FB746-4064-4B8D-B7B3-60A2F8ABEBA1}.Release|Any CPU.Build.0 = Release|Any CPU
	EndGlobalSection
	GlobalSection(SolutionProperties) = preSolution
		HideSolutionNode = FALSE
	EndGlobalSection
	GlobalSection(ExtensibilityGlobals) = postSolution
		SolutionGuid = {B9E20A7F-EC38-441F-93F1-D8A3D1F42CD9}
	EndGlobalSection
EndGlobal
