
Microsoft Visual Studio Solution File, Format Version 12.00
# Visual Studio Version 16
VisualStudioVersion = 16.0.30320.27
MinimumVisualStudioVersion = 10.0.40219.1
Project("{FAE04EC0-301F-11D3-BF4B-00C04F79EFBC}") = "1", "1\1.csproj", "{A6979ED6-7584-494B-839D-9C48A3FEB39A}"
EndProject
Project("{FAE04EC0-301F-11D3-BF4B-00C04F79EFBC}") = "2", "2\2.csproj", "{E361D5D9-096A-429C-81C7-8774EAF15D95}"
EndProject
Project("{FAE04EC0-301F-11D3-BF4B-00C04F79EFBC}") = "3", "3\3.csproj", "{C47C53A6-D36D-479D-B6B3-8820CD48FBBE}"
EndProject
Global
	GlobalSection(SolutionConfigurationPlatforms) = preSolution
		Debug|Any CPU = Debug|Any CPU
		Release|Any CPU = Release|Any CPU
	EndGlobalSection
	GlobalSection(ProjectConfigurationPlatforms) = postSolution
		{A6979ED6-7584-494B-839D-9C48A3FEB39A}.Debug|Any CPU.ActiveCfg = Debug|Any CPU
		{A6979ED6-7584-494B-839D-9C48A3FEB39A}.Debug|Any CPU.Build.0 = Debug|Any CPU
		{A6979ED6-7584-494B-839D-9C48A3FEB39A}.Release|Any CPU.ActiveCfg = Release|Any CPU
		{A6979ED6-7584-494B-839D-9C48A3FEB39A}.Release|Any CPU.Build.0 = Release|Any CPU
		{E361D5D9-096A-429C-81C7-8774EAF15D95}.Debug|Any CPU.ActiveCfg = Debug|Any CPU
		{E361D5D9-096A-429C-81C7-8774EAF15D95}.Debug|Any CPU.Build.0 = Debug|Any CPU
		{E361D5D9-096A-429C-81C7-8774EAF15D95}.Release|Any CPU.ActiveCfg = Release|Any CPU
		{E361D5D9-096A-429C-81C7-8774EAF15D95}.Release|Any CPU.Build.0 = Release|Any CPU
		{C47C53A6-D36D-479D-B6B3-8820CD48FBBE}.Debug|Any CPU.ActiveCfg = Debug|Any CPU
		{C47C53A6-D36D-479D-B6B3-8820CD48FBBE}.Debug|Any CPU.Build.0 = Debug|Any CPU
		{C47C53A6-D36D-479D-B6B3-8820CD48FBBE}.Release|Any CPU.ActiveCfg = Release|Any CPU
		{C47C53A6-D36D-479D-B6B3-8820CD48FBBE}.Release|Any CPU.Build.0 = Release|Any CPU
	EndGlobalSection
	GlobalSection(SolutionProperties) = preSolution
		HideSolutionNode = FALSE
	EndGlobalSection
	GlobalSection(ExtensibilityGlobals) = postSolution
		SolutionGuid = {7536EE79-60BC-4FEC-9A8A-24C0E5647524}
	EndGlobalSection
EndGlobal
