
Microsoft Visual Studio Solution File, Format Version 12.00
# Visual Studio Version 16
VisualStudioVersion = 16.0.30320.27
MinimumVisualStudioVersion = 10.0.40219.1
Project("{FAE04EC0-301F-11D3-BF4B-00C04F79EFBC}") = "2", "2\2.csproj", "{71C68537-C43C-46DF-829E-2D3B79C172AD}"
EndProject
Project("{FAE04EC0-301F-11D3-BF4B-00C04F79EFBC}") = "3", "3\3.csproj", "{503C72B8-F2DF-4327-8E6E-9F176D2373F8}"
EndProject
Project("{FAE04EC0-301F-11D3-BF4B-00C04F79EFBC}") = "4", "4\4.csproj", "{2B98ED96-E08F-44BB-81CF-498B0CFC6CFA}"
EndProject
Global
	GlobalSection(SolutionConfigurationPlatforms) = preSolution
		Debug|Any CPU = Debug|Any CPU
		Release|Any CPU = Release|Any CPU
	EndGlobalSection
	GlobalSection(ProjectConfigurationPlatforms) = postSolution
		{71C68537-C43C-46DF-829E-2D3B79C172AD}.Debug|Any CPU.ActiveCfg = Debug|Any CPU
		{71C68537-C43C-46DF-829E-2D3B79C172AD}.Debug|Any CPU.Build.0 = Debug|Any CPU
		{71C68537-C43C-46DF-829E-2D3B79C172AD}.Release|Any CPU.ActiveCfg = Release|Any CPU
		{71C68537-C43C-46DF-829E-2D3B79C172AD}.Release|Any CPU.Build.0 = Release|Any CPU
		{503C72B8-F2DF-4327-8E6E-9F176D2373F8}.Debug|Any CPU.ActiveCfg = Debug|Any CPU
		{503C72B8-F2DF-4327-8E6E-9F176D2373F8}.Debug|Any CPU.Build.0 = Debug|Any CPU
		{503C72B8-F2DF-4327-8E6E-9F176D2373F8}.Release|Any CPU.ActiveCfg = Release|Any CPU
		{503C72B8-F2DF-4327-8E6E-9F176D2373F8}.Release|Any CPU.Build.0 = Release|Any CPU
		{2B98ED96-E08F-44BB-81CF-498B0CFC6CFA}.Debug|Any CPU.ActiveCfg = Debug|Any CPU
		{2B98ED96-E08F-44BB-81CF-498B0CFC6CFA}.Debug|Any CPU.Build.0 = Debug|Any CPU
		{2B98ED96-E08F-44BB-81CF-498B0CFC6CFA}.Release|Any CPU.ActiveCfg = Release|Any CPU
		{2B98ED96-E08F-44BB-81CF-498B0CFC6CFA}.Release|Any CPU.Build.0 = Release|Any CPU
	EndGlobalSection
	GlobalSection(SolutionProperties) = preSolution
		HideSolutionNode = FALSE
	EndGlobalSection
	GlobalSection(ExtensibilityGlobals) = postSolution
		SolutionGuid = {C698E42E-FFD7-4AE9-AD33-0F4DE50C6A97}
	EndGlobalSection
EndGlobal
